
Microsoft Visual Studio Solution File, Format Version 12.00
# Visual Studio Version 17
VisualStudioVersion = 17.7.34221.43
MinimumVisualStudioVersion = 10.0.40219.1
Project("{FAE04EC0-301F-11D3-BF4B-00C04F79EFBC}") = "Practica6_DI", "Practica6_DI\Practica6_DI.csproj", "{087E7873-4697-4425-86A7-1B37E529CF67}"
EndProject
Global
	GlobalSection(SolutionConfigurationPlatforms) = preSolution
		Debug|Any CPU = Debug|Any CPU
		Release|Any CPU = Release|Any CPU
	EndGlobalSection
	GlobalSection(ProjectConfigurationPlatforms) = postSolution
		{087E7873-4697-4425-86A7-1B37E529CF67}.Debug|Any CPU.ActiveCfg = Debug|Any CPU
		{087E7873-4697-4425-86A7-1B37E529CF67}.Debug|Any CPU.Build.0 = Debug|Any CPU
		{087E7873-4697-4425-86A7-1B37E529CF67}.Release|Any CPU.ActiveCfg = Release|Any CPU
		{087E7873-4697-4425-86A7-1B37E529CF67}.Release|Any CPU.Build.0 = Release|Any CPU
	EndGlobalSection
	GlobalSection(SolutionProperties) = preSolution
		HideSolutionNode = FALSE
	EndGlobalSection
	GlobalSection(ExtensibilityGlobals) = postSolution
		SolutionGuid = {5020AD4B-1073-4C58-B3B9-0C604FF2720A}
	EndGlobalSection
EndGlobal
