
Microsoft Visual Studio Solution File, Format Version 12.00
# Visual Studio Version 17
VisualStudioVersion = 17.7.34221.43
MinimumVisualStudioVersion = 10.0.40219.1
Project("{9A19103F-16F7-4668-BE54-9A1E7A4F7556}") = "BoletosBus.Domain", "BoletosBus.Domain\BoletosBus.Domain.csproj", "{55B0314C-9A99-4894-8402-1986CB66A0D1}"
EndProject
Project("{9A19103F-16F7-4668-BE54-9A1E7A4F7556}") = "BoletosBus.Infraestructure", "BoletosBus.Infraestructure\BoletosBus.Infraestructure.csproj", "{D7F16322-2A16-4871-937B-B12AAD6B3043}"
EndProject
Project("{9A19103F-16F7-4668-BE54-9A1E7A4F7556}") = "BoletosBus.Api", "BoletosBus.Api\BoletosBus.Api.csproj", "{47707C03-D7F8-47DD-8F02-DD276830FAEF}"
EndProject
Project("{9A19103F-16F7-4668-BE54-9A1E7A4F7556}") = "BoletosBus.IOC", "BoletosBus.IOC\BoletosBus.IOC.csproj", "{340707DE-D8AF-4E6C-90CF-50A089D3FA81}"
EndProject
Project("{9A19103F-16F7-4668-BE54-9A1E7A4F7556}") = "BoletosBus.Infraestructure.Test", "BoletosBus.Infraestructure.Test\BoletosBus.Infraestructure.Test.csproj", "{4DB97EA4-5804-42D0-9C53-534C658E5FBC}"
EndProject
Global
	GlobalSection(SolutionConfigurationPlatforms) = preSolution
		Debug|Any CPU = Debug|Any CPU
		Release|Any CPU = Release|Any CPU
	EndGlobalSection
	GlobalSection(ProjectConfigurationPlatforms) = postSolution
		{55B0314C-9A99-4894-8402-1986CB66A0D1}.Debug|Any CPU.ActiveCfg = Debug|Any CPU
		{55B0314C-9A99-4894-8402-1986CB66A0D1}.Debug|Any CPU.Build.0 = Debug|Any CPU
		{55B0314C-9A99-4894-8402-1986CB66A0D1}.Release|Any CPU.ActiveCfg = Release|Any CPU
		{55B0314C-9A99-4894-8402-1986CB66A0D1}.Release|Any CPU.Build.0 = Release|Any CPU
		{D7F16322-2A16-4871-937B-B12AAD6B3043}.Debug|Any CPU.ActiveCfg = Debug|Any CPU
		{D7F16322-2A16-4871-937B-B12AAD6B3043}.Debug|Any CPU.Build.0 = Debug|Any CPU
		{D7F16322-2A16-4871-937B-B12AAD6B3043}.Release|Any CPU.ActiveCfg = Release|Any CPU
		{D7F16322-2A16-4871-937B-B12AAD6B3043}.Release|Any CPU.Build.0 = Release|Any CPU
		{47707C03-D7F8-47DD-8F02-DD276830FAEF}.Debug|Any CPU.ActiveCfg = Debug|Any CPU
		{47707C03-D7F8-47DD-8F02-DD276830FAEF}.Debug|Any CPU.Build.0 = Debug|Any CPU
		{47707C03-D7F8-47DD-8F02-DD276830FAEF}.Release|Any CPU.ActiveCfg = Release|Any CPU
		{47707C03-D7F8-47DD-8F02-DD276830FAEF}.Release|Any CPU.Build.0 = Release|Any CPU
		{340707DE-D8AF-4E6C-90CF-50A089D3FA81}.Debug|Any CPU.ActiveCfg = Debug|Any CPU
		{340707DE-D8AF-4E6C-90CF-50A089D3FA81}.Debug|Any CPU.Build.0 = Debug|Any CPU
		{340707DE-D8AF-4E6C-90CF-50A089D3FA81}.Release|Any CPU.ActiveCfg = Release|Any CPU
		{340707DE-D8AF-4E6C-90CF-50A089D3FA81}.Release|Any CPU.Build.0 = Release|Any CPU
		{4DB97EA4-5804-42D0-9C53-534C658E5FBC}.Debug|Any CPU.ActiveCfg = Debug|Any CPU
		{4DB97EA4-5804-42D0-9C53-534C658E5FBC}.Debug|Any CPU.Build.0 = Debug|Any CPU
		{4DB97EA4-5804-42D0-9C53-534C658E5FBC}.Release|Any CPU.ActiveCfg = Release|Any CPU
		{4DB97EA4-5804-42D0-9C53-534C658E5FBC}.Release|Any CPU.Build.0 = Release|Any CPU
	EndGlobalSection
	GlobalSection(SolutionProperties) = preSolution
		HideSolutionNode = FALSE
	EndGlobalSection
	GlobalSection(ExtensibilityGlobals) = postSolution
		SolutionGuid = {89EBF547-4B0B-4047-B7D1-558B81247ACB}
	EndGlobalSection
EndGlobal
